
Microsoft Visual Studio Solution File, Format Version 12.00
# Visual Studio Version 17
VisualStudioVersion = 17.12.35527.113 d17.12
MinimumVisualStudioVersion = 10.0.40219.1
Project("{FAE04EC0-301F-11D3-BF4B-00C04F79EFBC}") = "TodoMangmentApplication", "TodoMangmentApplication\TodoMangmentApplication.csproj", "{5247A031-0BFC-496E-BAFC-0502EC9FBE59}"
EndProject
Project("{FAE04EC0-301F-11D3-BF4B-00C04F79EFBC}") = "DAL", "DAL\DAL.csproj", "{58529320-281C-47D0-81B4-D35603C245D3}"
EndProject
Project("{FAE04EC0-301F-11D3-BF4B-00C04F79EFBC}") = "BLL", "BLL\BLL.csproj", "{DE79EF73-F545-4187-9F07-4C4F2F4E4086}"
EndProject
Global
	GlobalSection(SolutionConfigurationPlatforms) = preSolution
		Debug|Any CPU = Debug|Any CPU
		Release|Any CPU = Release|Any CPU
	EndGlobalSection
	GlobalSection(ProjectConfigurationPlatforms) = postSolution
		{5247A031-0BFC-496E-BAFC-0502EC9FBE59}.Debug|Any CPU.ActiveCfg = Debug|Any CPU
		{5247A031-0BFC-496E-BAFC-0502EC9FBE59}.Debug|Any CPU.Build.0 = Debug|Any CPU
		{5247A031-0BFC-496E-BAFC-0502EC9FBE59}.Release|Any CPU.ActiveCfg = Release|Any CPU
		{5247A031-0BFC-496E-BAFC-0502EC9FBE59}.Release|Any CPU.Build.0 = Release|Any CPU
		{58529320-281C-47D0-81B4-D35603C245D3}.Debug|Any CPU.ActiveCfg = Debug|Any CPU
		{58529320-281C-47D0-81B4-D35603C245D3}.Debug|Any CPU.Build.0 = Debug|Any CPU
		{58529320-281C-47D0-81B4-D35603C245D3}.Release|Any CPU.ActiveCfg = Release|Any CPU
		{58529320-281C-47D0-81B4-D35603C245D3}.Release|Any CPU.Build.0 = Release|Any CPU
		{DE79EF73-F545-4187-9F07-4C4F2F4E4086}.Debug|Any CPU.ActiveCfg = Debug|Any CPU
		{DE79EF73-F545-4187-9F07-4C4F2F4E4086}.Debug|Any CPU.Build.0 = Debug|Any CPU
		{DE79EF73-F545-4187-9F07-4C4F2F4E4086}.Release|Any CPU.ActiveCfg = Release|Any CPU
		{DE79EF73-F545-4187-9F07-4C4F2F4E4086}.Release|Any CPU.Build.0 = Release|Any CPU
	EndGlobalSection
	GlobalSection(SolutionProperties) = preSolution
		HideSolutionNode = FALSE
	EndGlobalSection
EndGlobal
